// !$*UTF8*$!
{
	archiveVersion = 1;
	classes = {
	};
	objectVersion = 77;
	objects = {

/* Begin PBXBuildFile section */
		D33218FD2FCE0311001F605A /* GoogleSignInSwift in Frameworks */ = {isa = PBXBuildFile; productRef = D33218FC2FCE0311001F605A /* GoogleSignInSwift */; };
		D38852472FC6260B001D8A77 /* IQKeyboardManagerSwift in Frameworks */ = {isa = PBXBuildFile; productRef = D38852462FC6260B001D8A77 /* IQKeyboardManagerSwift */; };
		D3BB312B2FC71650000A8DFD /* Reachability in Frameworks */ = {isa = PBXBuildFile; productRef = D3BB312A2FC71650000A8DFD /* Reachability */; };
		D3BB312E2FC71764000A8DFD /* PlainPing in Frameworks */ = {isa = PBXBuildFile; productRef = D3BB312D2FC71764000A8DFD /* PlainPing */; };
		D3BB31312FC71883000A8DFD /* Alamofire in Frameworks */ = {isa = PBXBuildFile; productRef = D3BB31302FC71883000A8DFD /* Alamofire */; };
/* End PBXBuildFile section */

/* Begin PBXContainerItemProxy section */
		D38850BD2FC5D1ED001D8A77 /* PBXContainerItemProxy */ = {
			isa = PBXContainerItemProxy;
			containerPortal = D388509E2FC5D1EC001D8A77 /* Project object */;
			proxyType = 1;
			remoteGlobalIDString = D38850A52FC5D1EC001D8A77;
			remoteInfo = RecordNote;
		};
		D38850C72FC5D1ED001D8A77 /* PBXContainerItemProxy */ = {
			isa = PBXContainerItemProxy;
			containerPortal = D388509E2FC5D1EC001D8A77 /* Project object */;
			proxyType = 1;
			remoteGlobalIDString = D38850A52FC5D1EC001D8A77;
			remoteInfo = RecordNote;
		};
/* End PBXContainerItemProxy section */

/* Begin PBXFileReference section */
		D38850A62FC5D1EC001D8A77 /* RecordNote.app */ = {isa = PBXFileReference; explicitFileType = wrapper.application; includeInIndex = 0; path = RecordNote.app; sourceTree = BUILT_PRODUCTS_DIR; };
		D38850BC2FC5D1ED001D8A77 /* RecordNoteTests.xctest */ = {isa = PBXFileReference; explicitFileType = wrapper.cfbundle; includeInIndex = 0; path = RecordNoteTests.xctest; sourceTree = BUILT_PRODUCTS_DIR; };
		D38850C62FC5D1ED001D8A77 /* RecordNoteUITests.xctest */ = {isa = PBXFileReference; explicitFileType = wrapper.cfbundle; includeInIndex = 0; path = RecordNoteUITests.xctest; sourceTree = BUILT_PRODUCTS_DIR; };
/* End PBXFileReference section */

/* Begin PBXFileSystemSynchronizedRootGroup section */
		D38850A82FC5D1EC001D8A77 /* RecordNote */ = {
			isa = PBXFileSystemSynchronizedRootGroup;
			path = RecordNote;
			sourceTree = "<group>";
		};
		D38850BF2FC5D1ED001D8A77 /* RecordNoteTests */ = {
			isa = PBXFileSystemSynchronizedRootGroup;
			path = RecordNoteTests;
			sourceTree = "<group>";
		};
		D38850C92FC5D1ED001D8A77 /* RecordNoteUITests */ = {
			isa = PBXFileSystemSynchronizedRootGroup;
			path = RecordNoteUITests;
			sourceTree = "<group>";
		};
/* End PBXFileSystemSynchronizedRootGroup section */

/* Begin PBXFrameworksBuildPhase section */
		D38850A32FC5D1EC001D8A77 /* Frameworks */ = {
			isa = PBXFrameworksBuildPhase;
			buildActionMask = 2147483647;
			files = (
				D33218FD2FCE0311001F605A /* GoogleSignInSwift in Frameworks */,
				D3BB312E2FC71764000A8DFD /* PlainPing in Frameworks */,
				D3BB31312FC71883000A8DFD /* Alamofire in Frameworks */,
				D38852472FC6260B001D8A77 /* IQKeyboardManagerSwift in Frameworks */,
				D3BB312B2FC71650000A8DFD /* Reachability in Frameworks */,
			);
			runOnlyForDeploymentPostprocessing = 0;
		};
		D38850B92FC5D1ED001D8A77 /* Frameworks */ = {
			isa = PBXFrameworksBuildPhase;
			buildActionMask = 2147483647;
			files = (
			);
			runOnlyForDeploymentPostprocessing = 0;
		};
		D38850C32FC5D1ED001D8A77 /* Frameworks */ = {
			isa = PBXFrameworksBuildPhase;
			buildActionMask = 2147483647;
			files = (
			);
			runOnlyForDeploymentPostprocessing = 0;
		};
/* End PBXFrameworksBuildPhase section */

/* Begin PBXGroup section */
		D388509D2FC5D1EC001D8A77 = {
			isa = PBXGroup;
			children = (
				D38850A82FC5D1EC001D8A77 /* RecordNote */,
				D38850BF2FC5D1ED001D8A77 /* RecordNoteTests */,
				D38850C92FC5D1ED001D8A77 /* RecordNoteUITests */,
				D38850A72FC5D1EC001D8A77 /* Products */,
			);
			sourceTree = "<group>";
		};
		D38850A72FC5D1EC001D8A77 /* Products */ = {
			isa = PBXGroup;
			children = (
				D38850A62FC5D1EC001D8A77 /* RecordNote.app */,
				D38850BC2FC5D1ED001D8A77 /* RecordNoteTests.xctest */,
				D38850C62FC5D1ED001D8A77 /* RecordNoteUITests.xctest */,
			);
			name = Products;
			sourceTree = "<group>";
		};
/* End PBXGroup section */

/* Begin PBXNativeTarget section */
		D38850A52FC5D1EC001D8A77 /* RecordNote */ = {
			isa = PBXNativeTarget;
			buildConfigurationList = D38850CF2FC5D1ED001D8A77 /* Build configuration list for PBXNativeTarget "RecordNote" */;
			buildPhases = (
				D38850A22FC5D1EC001D8A77 /* Sources */,
				D38850A32FC5D1EC001D8A77 /* Frameworks */,
				D38850A42FC5D1EC001D8A77 /* Resources */,
				D38851BD2FC5DD22001D8A77 /* SwiftLint */,
			);
			buildRules = (
			);
			dependencies = (
			);
			fileSystemSynchronizedGroups = (
				D38850A82FC5D1EC001D8A77 /* RecordNote */,
			);
			name = RecordNote;
			packageProductDependencies = (
				D38852462FC6260B001D8A77 /* IQKeyboardManagerSwift */,
				D3BB312A2FC71650000A8DFD /* Reachability */,
				D3BB312D2FC71764000A8DFD /* PlainPing */,
				D3BB31302FC71883000A8DFD /* Alamofire */,
				D33218FC2FCE0311001F605A /* GoogleSignInSwift */,
			);
			productName = RecordNote;
			productReference = D38850A62FC5D1EC001D8A77 /* RecordNote.app */;
			productType = "com.apple.product-type.application";
		};
		D38850BB2FC5D1ED001D8A77 /* RecordNoteTests */ = {
			isa = PBXNativeTarget;
			buildConfigurationList = D38850D42FC5D1ED001D8A77 /* Build configuration list for PBXNativeTarget "RecordNoteTests" */;
			buildPhases = (
				D38850B82FC5D1ED001D8A77 /* Sources */,
				D38850B92FC5D1ED001D8A77 /* Frameworks */,
				D38850BA2FC5D1ED001D8A77 /* Resources */,
			);
			buildRules = (
			);
			dependencies = (
				D38850BE2FC5D1ED001D8A77 /* PBXTargetDependency */,
			);
			fileSystemSynchronizedGroups = (
				D38850BF2FC5D1ED001D8A77 /* RecordNoteTests */,
			);
			name = RecordNoteTests;
			packageProductDependencies = (
			);
			productName = RecordNoteTests;
			productReference = D38850BC2FC5D1ED001D8A77 /* RecordNoteTests.xctest */;
			productType = "com.apple.product-type.bundle.unit-test";
		};
		D38850C52FC5D1ED001D8A77 /* RecordNoteUITests */ = {
			isa = PBXNativeTarget;
			buildConfigurationList = D38850D72FC5D1ED001D8A77 /* Build configuration list for PBXNativeTarget "RecordNoteUITests" */;
			buildPhases = (
				D38850C22FC5D1ED001D8A77 /* Sources */,
				D38850C32FC5D1ED001D8A77 /* Frameworks */,
				D38850C42FC5D1ED001D8A77 /* Resources */,
			);
			buildRules = (
			);
			dependencies = (
				D38850C82FC5D1ED001D8A77 /* PBXTargetDependency */,
			);
			fileSystemSynchronizedGroups = (
				D38850C92FC5D1ED001D8A77 /* RecordNoteUITests */,
			);
			name = RecordNoteUITests;
			packageProductDependencies = (
			);
			productName = RecordNoteUITests;
			productReference = D38850C62FC5D1ED001D8A77 /* RecordNoteUITests.xctest */;
			productType = "com.apple.product-type.bundle.ui-testing";
		};
/* End PBXNativeTarget section */

/* Begin PBXProject section */
		D388509E2FC5D1EC001D8A77 /* Project object */ = {
			isa = PBXProject;
			attributes = {
				BuildIndependentTargetsInParallel = 1;
				LastSwiftUpdateCheck = 2630;
				LastUpgradeCheck = 2630;
				TargetAttributes = {
					D38850A52FC5D1EC001D8A77 = {
						CreatedOnToolsVersion = 26.3;
					};
					D38850BB2FC5D1ED001D8A77 = {
						CreatedOnToolsVersion = 26.3;
						TestTargetID = D38850A52FC5D1EC001D8A77;
					};
					D38850C52FC5D1ED001D8A77 = {
						CreatedOnToolsVersion = 26.3;
						TestTargetID = D38850A52FC5D1EC001D8A77;
					};
				};
			};
			buildConfigurationList = D38850A12FC5D1EC001D8A77 /* Build configuration list for PBXProject "RecordNote" */;
			developmentRegion = en;
			hasScannedForEncodings = 0;
			knownRegions = (
				en,
				Base,
			);
			mainGroup = D388509D2FC5D1EC001D8A77;
			minimizedProjectReferenceProxies = 1;
			packageReferences = (
				D38852452FC6260B001D8A77 /* XCRemoteSwiftPackageReference "IQKeyboardManager" */,
				D3BB31292FC71650000A8DFD /* XCRemoteSwiftPackageReference "Reachability.swift" */,
				D3BB312C2FC71764000A8DFD /* XCRemoteSwiftPackageReference "PlainPing" */,
				D3BB312F2FC71883000A8DFD /* XCRemoteSwiftPackageReference "Alamofire" */,
				D33218FB2FCE0311001F605A /* XCRemoteSwiftPackageReference "GoogleSignIn-iOS" */,
			);
			preferredProjectObjectVersion = 77;
			productRefGroup = D38850A72FC5D1EC001D8A77 /* Products */;
			projectDirPath = "";
			projectRoot = "";
			targets = (
				D38850A52FC5D1EC001D8A77 /* RecordNote */,
				D38850BB2FC5D1ED001D8A77 /* RecordNoteTests */,
				D38850C52FC5D1ED001D8A77 /* RecordNoteUITests */,
			);
		};
/* End PBXProject section */

/* Begin PBXResourcesBuildPhase section */
		D38850A42FC5D1EC001D8A77 /* Resources */ = {
			isa = PBXResourcesBuildPhase;
			buildActionMask = 2147483647;
			files = (
			);
			runOnlyForDeploymentPostprocessing = 0;
		};
		D38850BA2FC5D1ED001D8A77 /* Resources */ = {
			isa = PBXResourcesBuildPhase;
			buildActionMask = 2147483647;
			files = (
			);
			runOnlyForDeploymentPostprocessing = 0;
		};
		D38850C42FC5D1ED001D8A77 /* Resources */ = {
			isa = PBXResourcesBuildPhase;
			buildActionMask = 2147483647;
			files = (
			);
			runOnlyForDeploymentPostprocessing = 0;
		};
/* End PBXResourcesBuildPhase section */

/* Begin PBXShellScriptBuildPhase section */
		D38851BD2FC5DD22001D8A77 /* SwiftLint */ = {
			isa = PBXShellScriptBuildPhase;
			buildActionMask = 2147483647;
			files = (
			);
			inputFileListPaths = (
			);
			inputPaths = (
			);
			name = SwiftLint;
			outputFileListPaths = (
			);
			outputPaths = (
			);
			runOnlyForDeploymentPostprocessing = 0;
			shellPath = /bin/sh;
			shellScript = "# Check for Apple Silicon (M1/M2/M3) Homebrew path\nif [[ \"$(uname -m)\" == arm64 ]]; then\n    export PATH=\"/opt/homebrew/bin:$PATH\"\nfi\n\nif which swiftlint >/dev/null; then\n  swiftlint\nelse\n  echo \"warning: SwiftLint not installed, download from https://github.com/realm/SwiftLint\"\nfi\n";
		};
/* End PBXShellScriptBuildPhase section */

/* Begin PBXSourcesBuildPhase section */
		D38850A22FC5D1EC001D8A77 /* Sources */ = {
			isa = PBXSourcesBuildPhase;
			buildActionMask = 2147483647;
			files = (
			);
			runOnlyForDeploymentPostprocessing = 0;
		};
		D38850B82FC5D1ED001D8A77 /* Sources */ = {
			isa = PBXSourcesBuildPhase;
			buildActionMask = 2147483647;
			files = (
			);
			runOnlyForDeploymentPostprocessing = 0;
		};
		D38850C22FC5D1ED001D8A77 /* Sources */ = {
			isa = PBXSourcesBuildPhase;
			buildActionMask = 2147483647;
			files = (
			);
			runOnlyForDeploymentPostprocessing = 0;
		};
/* End PBXSourcesBuildPhase section */

/* Begin PBXTargetDependency section */
		D38850BE2FC5D1ED001D8A77 /* PBXTargetDependency */ = {
			isa = PBXTargetDependency;
			target = D38850A52FC5D1EC001D8A77 /* RecordNote */;
			targetProxy = D38850BD2FC5D1ED001D8A77 /* PBXContainerItemProxy */;
		};
		D38850C82FC5D1ED001D8A77 /* PBXTargetDependency */ = {
			isa = PBXTargetDependency;
			target = D38850A52FC5D1EC001D8A77 /* RecordNote */;
			targetProxy = D38850C72FC5D1ED001D8A77 /* PBXContainerItemProxy */;
		};
/* End PBXTargetDependency section */

/* Begin XCBuildConfiguration section */
		D38850D02FC5D1ED001D8A77 /* Debug */ = {
			isa = XCBuildConfiguration;
			buildSettings = {
				ASSETCATALOG_COMPILER_APPICON_NAME = AppIcon;
				ASSETCATALOG_COMPILER_GLOBAL_ACCENT_COLOR_NAME = AccentColor;
				CODE_SIGN_STYLE = Automatic;
				CURRENT_PROJECT_VERSION = 1;
				DEVELOPMENT_TEAM = X4YZSY77G5;
				ENABLE_USER_SCRIPT_SANDBOXING = NO;
				GENERATE_INFOPLIST_FILE = YES;
				INFOPLIST_FILE = Config/Info.plist;
				INFOPLIST_KEY_CFBundleDisplayName = "Recorded note";
				INFOPLIST_KEY_UIApplicationSupportsIndirectInputEvents = YES;
				INFOPLIST_KEY_UILaunchStoryboardName = LaunchScreen;
				INFOPLIST_KEY_UISupportedInterfaceOrientations = UIInterfaceOrientationPortrait;
				INFOPLIST_KEY_UISupportedInterfaceOrientations_iPad = "UIInterfaceOrientationLandscapeLeft UIInterfaceOrientationLandscapeRight UIInterfaceOrientationPortrait UIInterfaceOrientationPortraitUpsideDown";
				IPHONEOS_DEPLOYMENT_TARGET = 15.0;
				LD_RUNPATH_SEARCH_PATHS = (
					"$(inherited)",
					"@executable_path/Frameworks",
				);
				MARKETING_VERSION = 1.0;
				PRODUCT_BUNDLE_IDENTIFIER = com.myorgnization199.RecordNote;
				PRODUCT_NAME = "$(TARGET_NAME)";
				STRING_CATALOG_GENERATE_SYMBOLS = YES;
				SUPPORTED_PLATFORMS = "iphoneos iphonesimulator";
				SUPPORTS_MACCATALYST = NO;
				SUPPORTS_MAC_DESIGNED_FOR_IPHONE_IPAD = NO;
				SUPPORTS_XR_DESIGNED_FOR_IPHONE_IPAD = NO;
				SWIFT_APPROACHABLE_CONCURRENCY = YES;
				SWIFT_DEFAULT_ACTOR_ISOLATION = MainActor;
				SWIFT_EMIT_LOC_STRINGS = YES;
				SWIFT_UPCOMING_FEATURE_MEMBER_IMPORT_VISIBILITY = YES;
				SWIFT_VERSION = 5.0;
				TARGETED_DEVICE_FAMILY = "1,2";
			};
			name = Debug;
		};
		D38850D12FC5D1ED001D8A77 /* Release */ = {
			isa = XCBuildConfiguration;
			buildSettings = {
				ASSETCATALOG_COMPILER_APPICON_NAME = AppIcon;
				ASSETCATALOG_COMPILER_GLOBAL_ACCENT_COLOR_NAME = AccentColor;
				CODE_SIGN_STYLE = Automatic;
				CURRENT_PROJECT_VERSION = 1;
				DEVELOPMENT_TEAM = X4YZSY77G5;
				ENABLE_USER_SCRIPT_SANDBOXING = NO;
				GENERATE_INFOPLIST_FILE = YES;
				INFOPLIST_FILE = Config/Info.plist;
				INFOPLIST_KEY_CFBundleDisplayName = "Recorded note";
				INFOPLIST_KEY_UIApplicationSupportsIndirectInputEvents = YES;
				INFOPLIST_KEY_UILaunchStoryboardName = LaunchScreen;
				INFOPLIST_KEY_UISupportedInterfaceOrientations = UIInterfaceOrientationPortrait;
				INFOPLIST_KEY_UISupportedInterfaceOrientations_iPad = "UIInterfaceOrientationLandscapeLeft UIInterfaceOrientationLandscapeRight UIInterfaceOrientationPortrait UIInterfaceOrientationPortraitUpsideDown";
				IPHONEOS_DEPLOYMENT_TARGET = 15.0;
				LD_RUNPATH_SEARCH_PATHS = (
					"$(inherited)",
					"@executable_path/Frameworks",
				);
				MARKETING_VERSION = 1.0;
				PRODUCT_BUNDLE_IDENTIFIER = com.myorgnization199.RecordNote;
				PRODUCT_NAME = "$(TARGET_NAME)";
				STRING_CATALOG_GENERATE_SYMBOLS = YES;
				SUPPORTED_PLATFORMS = "iphoneos iphonesimulator";
				SUPPORTS_MACCATALYST = NO;
				SUPPORTS_MAC_DESIGNED_FOR_IPHONE_IPAD = NO;
				SUPPORTS_XR_DESIGNED_FOR_IPHONE_IPAD = NO;
				SWIFT_APPROACHABLE_CONCURRENCY = YES;
				SWIFT_DEFAULT_ACTOR_ISOLATION = MainActor;
				SWIFT_EMIT_LOC_STRINGS = YES;
				SWIFT_UPCOMING_FEATURE_MEMBER_IMPORT_VISIBILITY = YES;
				SWIFT_VERSION = 5.0;
				TARGETED_DEVICE_FAMILY = "1,2";
			};
			name = Release;
		};
		D38850D22FC5D1ED001D8A77 /* Debug */ = {
			isa = XCBuildConfiguration;
			buildSettings = {
				ALWAYS_SEARCH_USER_PATHS = NO;
				ASSETCATALOG_COMPILER_GENERATE_SWIFT_ASSET_SYMBOL_EXTENSIONS = YES;
				CLANG_ANALYZER_NONNULL = YES;
				CLANG_ANALYZER_NUMBER_OBJECT_CONVERSION = YES_AGGRESSIVE;
				CLANG_CXX_LANGUAGE_STANDARD = "gnu++20";
				CLANG_ENABLE_MODULES = YES;
				CLANG_ENABLE_OBJC_ARC = YES;
				CLANG_ENABLE_OBJC_WEAK = YES;
				CLANG_WARN_BLOCK_CAPTURE_AUTORELEASING = YES;
				CLANG_WARN_BOOL_CONVERSION = YES;
				CLANG_WARN_COMMA = YES;
				CLANG_WARN_CONSTANT_CONVERSION = YES;
				CLANG_WARN_DEPRECATED_OBJC_IMPLEMENTATIONS = YES;
				CLANG_WARN_DIRECT_OBJC_ISA_USAGE = YES_ERROR;
				CLANG_WARN_DOCUMENTATION_COMMENTS = YES;
				CLANG_WARN_EMPTY_BODY = YES;
				CLANG_WARN_ENUM_CONVERSION = YES;
				CLANG_WARN_INFINITE_RECURSION = YES;
				CLANG_WARN_INT_CONVERSION = YES;
				CLANG_WARN_NON_LITERAL_NULL_CONVERSION = YES;
				CLANG_WARN_OBJC_IMPLICIT_RETAIN_SELF = YES;
				CLANG_WARN_OBJC_LITERAL_CONVERSION = YES;
				CLANG_WARN_OBJC_ROOT_CLASS = YES_ERROR;
				CLANG_WARN_QUOTED_INCLUDE_IN_FRAMEWORK_HEADER = YES;
				CLANG_WARN_RANGE_LOOP_ANALYSIS = YES;
				CLANG_WARN_STRICT_PROTOTYPES = YES;
				CLANG_WARN_SUSPICIOUS_MOVE = YES;
				CLANG_WARN_UNGUARDED_AVAILABILITY = YES_AGGRESSIVE;
				CLANG_WARN_UNREACHABLE_CODE = YES;
				CLANG_WARN__DUPLICATE_METHOD_MATCH = YES;
				COPY_PHASE_STRIP = NO;
				DEBUG_INFORMATION_FORMAT = dwarf;
				DEVELOPMENT_TEAM = X4YZSY77G5;
				ENABLE_STRICT_OBJC_MSGSEND = YES;
				ENABLE_TESTABILITY = YES;
				ENABLE_USER_SCRIPT_SANDBOXING = YES;
				GCC_C_LANGUAGE_STANDARD = gnu17;
				GCC_DYNAMIC_NO_PIC = NO;
				GCC_NO_COMMON_BLOCKS = YES;
				GCC_OPTIMIZATION_LEVEL = 0;
				GCC_PREPROCESSOR_DEFINITIONS = (
					"DEBUG=1",
					"$(inherited)",
				);
				GCC_WARN_64_TO_32_BIT_CONVERSION = YES;
				GCC_WARN_ABOUT_RETURN_TYPE = YES_ERROR;
				GCC_WARN_UNDECLARED_SELECTOR = YES;
				GCC_WARN_UNINITIALIZED_AUTOS = YES_AGGRESSIVE;
				GCC_WARN_UNUSED_FUNCTION = YES;
				GCC_WARN_UNUSED_VARIABLE = YES;
				IPHONEOS_DEPLOYMENT_TARGET = 26.2;
				LOCALIZATION_PREFERS_STRING_CATALOGS = YES;
				MTL_ENABLE_DEBUG_INFO = INCLUDE_SOURCE;
				MTL_FAST_MATH = YES;
				ONLY_ACTIVE_ARCH = YES;
				SDKROOT = iphoneos;
				SWIFT_ACTIVE_COMPILATION_CONDITIONS = "DEBUG $(inherited)";
				SWIFT_OPTIMIZATION_LEVEL = "-Onone";
			};
			name = Debug;
		};
		D38850D32FC5D1ED001D8A77 /* Release */ = {
			isa = XCBuildConfiguration;
			buildSettings = {
				ALWAYS_SEARCH_USER_PATHS = NO;
				ASSETCATALOG_COMPILER_GENERATE_SWIFT_ASSET_SYMBOL_EXTENSIONS = YES;
				CLANG_ANALYZER_NONNULL = YES;
				CLANG_ANALYZER_NUMBER_OBJECT_CONVERSION = YES_AGGRESSIVE;
				CLANG_CXX_LANGUAGE_STANDARD = "gnu++20";
				CLANG_ENABLE_MODULES = YES;
				CLANG_ENABLE_OBJC_ARC = YES;
				CLANG_ENABLE_OBJC_WEAK = YES;
				CLANG_WARN_BLOCK_CAPTURE_AUTORELEASING = YES;
				CLANG_WARN_BOOL_CONVERSION = YES;
				CLANG_WARN_COMMA = YES;
				CLANG_WARN_CONSTANT_CONVERSION = YES;
				CLANG_WARN_DEPRECATED_OBJC_IMPLEMENTATIONS = YES;
				CLANG_WARN_DIRECT_OBJC_ISA_USAGE = YES_ERROR;
				CLANG_WARN_DOCUMENTATION_COMMENTS = YES;
				CLANG_WARN_EMPTY_BODY = YES;
				CLANG_WARN_ENUM_CONVERSION = YES;
				CLANG_WARN_INFINITE_RECURSION = YES;
				CLANG_WARN_INT_CONVERSION = YES;
				CLANG_WARN_NON_LITERAL_NULL_CONVERSION = YES;
				CLANG_WARN_OBJC_IMPLICIT_RETAIN_SELF = YES;
				CLANG_WARN_OBJC_LITERAL_CONVERSION = YES;
				CLANG_WARN_OBJC_ROOT_CLASS = YES_ERROR;
				CLANG_WARN_QUOTED_INCLUDE_IN_FRAMEWORK_HEADER = YES;
				CLANG_WARN_RANGE_LOOP_ANALYSIS = YES;
				CLANG_WARN_STRICT_PROTOTYPES = YES;
				CLANG_WARN_SUSPICIOUS_MOVE = YES;
				CLANG_WARN_UNGUARDED_AVAILABILITY = YES_AGGRESSIVE;
				CLANG_WARN_UNREACHABLE_CODE = YES;
				CLANG_WARN__DUPLICATE_METHOD_MATCH = YES;
				COPY_PHASE_STRIP = NO;
				DEBUG_INFORMATION_FORMAT = "dwarf-with-dsym";
				DEVELOPMENT_TEAM = X4YZSY77G5;
				ENABLE_NS_ASSERTIONS = NO;
				ENABLE_STRICT_OBJC_MSGSEND = YES;
				ENABLE_USER_SCRIPT_SANDBOXING = YES;
				GCC_C_LANGUAGE_STANDARD = gnu17;
				GCC_NO_COMMON_BLOCKS = YES;
				GCC_WARN_64_TO_32_BIT_CONVERSION = YES;
				GCC_WARN_ABOUT_RETURN_TYPE = YES_ERROR;
				GCC_WARN_UNDECLARED_SELECTOR = YES;
				GCC_WARN_UNINITIALIZED_AUTOS = YES_AGGRESSIVE;
				GCC_WARN_UNUSED_FUNCTION = YES;
				GCC_WARN_UNUSED_VARIABLE = YES;
				IPHONEOS_DEPLOYMENT_TARGET = 26.2;
				LOCALIZATION_PREFERS_STRING_CATALOGS = YES;
				MTL_ENABLE_DEBUG_INFO = NO;
				MTL_FAST_MATH = YES;
				SDKROOT = iphoneos;
				SWIFT_COMPILATION_MODE = wholemodule;
				VALIDATE_PRODUCT = YES;
			};
			name = Release;
		};
		D38850D52FC5D1ED001D8A77 /* Debug */ = {
			isa = XCBuildConfiguration;
			buildSettings = {
				BUNDLE_LOADER = "$(TEST_HOST)";
				CODE_SIGN_STYLE = Automatic;
				CURRENT_PROJECT_VERSION = 1;
				DEVELOPMENT_TEAM = X4YZSY77G5;
				GENERATE_INFOPLIST_FILE = YES;
				IPHONEOS_DEPLOYMENT_TARGET = 26.2;
				MARKETING_VERSION = 1.0;
				PRODUCT_BUNDLE_IDENTIFIER = com.myorgnization199.RecordNoteTests;
				PRODUCT_NAME = "$(TARGET_NAME)";
				STRING_CATALOG_GENERATE_SYMBOLS = NO;
				SWIFT_APPROACHABLE_CONCURRENCY = YES;
				SWIFT_EMIT_LOC_STRINGS = NO;
				SWIFT_UPCOMING_FEATURE_MEMBER_IMPORT_VISIBILITY = YES;
				SWIFT_VERSION = 5.0;
				TARGETED_DEVICE_FAMILY = "1,2";
				TEST_HOST = "$(BUILT_PRODUCTS_DIR)/RecordNote.app/$(BUNDLE_EXECUTABLE_FOLDER_PATH)/RecordNote";
			};
			name = Debug;
		};
		D38850D62FC5D1ED001D8A77 /* Release */ = {
			isa = XCBuildConfiguration;
			buildSettings = {
				BUNDLE_LOADER = "$(TEST_HOST)";
				CODE_SIGN_STYLE = Automatic;
				CURRENT_PROJECT_VERSION = 1;
				DEVELOPMENT_TEAM = X4YZSY77G5;
				GENERATE_INFOPLIST_FILE = YES;
				IPHONEOS_DEPLOYMENT_TARGET = 26.2;
				MARKETING_VERSION = 1.0;
				PRODUCT_BUNDLE_IDENTIFIER = com.myorgnization199.RecordNoteTests;
				PRODUCT_NAME = "$(TARGET_NAME)";
				STRING_CATALOG_GENERATE_SYMBOLS = NO;
				SWIFT_APPROACHABLE_CONCURRENCY = YES;
				SWIFT_EMIT_LOC_STRINGS = NO;
				SWIFT_UPCOMING_FEATURE_MEMBER_IMPORT_VISIBILITY = YES;
				SWIFT_VERSION = 5.0;
				TARGETED_DEVICE_FAMILY = "1,2";
				TEST_HOST = "$(BUILT_PRODUCTS_DIR)/RecordNote.app/$(BUNDLE_EXECUTABLE_FOLDER_PATH)/RecordNote";
			};
			name = Release;
		};
		D38850D82FC5D1ED001D8A77 /* Debug */ = {
			isa = XCBuildConfiguration;
			buildSettings = {
				CODE_SIGN_STYLE = Automatic;
				CURRENT_PROJECT_VERSION = 1;
				DEVELOPMENT_TEAM = X4YZSY77G5;
				GENERATE_INFOPLIST_FILE = YES;
				MARKETING_VERSION = 1.0;
				PRODUCT_BUNDLE_IDENTIFIER = com.myorgnization199.RecordNoteUITests;
				PRODUCT_NAME = "$(TARGET_NAME)";
				STRING_CATALOG_GENERATE_SYMBOLS = NO;
				SWIFT_APPROACHABLE_CONCURRENCY = YES;
				SWIFT_EMIT_LOC_STRINGS = NO;
				SWIFT_UPCOMING_FEATURE_MEMBER_IMPORT_VISIBILITY = YES;
				SWIFT_VERSION = 5.0;
				TARGETED_DEVICE_FAMILY = "1,2";
				TEST_TARGET_NAME = RecordNote;
			};
			name = Debug;
		};
		D38850D92FC5D1ED001D8A77 /* Release */ = {
			isa = XCBuildConfiguration;
			buildSettings = {
				CODE_SIGN_STYLE = Automatic;
				CURRENT_PROJECT_VERSION = 1;
				DEVELOPMENT_TEAM = X4YZSY77G5;
				GENERATE_INFOPLIST_FILE = YES;
				MARKETING_VERSION = 1.0;
				PRODUCT_BUNDLE_IDENTIFIER = com.myorgnization199.RecordNoteUITests;
				PRODUCT_NAME = "$(TARGET_NAME)";
				STRING_CATALOG_GENERATE_SYMBOLS = NO;
				SWIFT_APPROACHABLE_CONCURRENCY = YES;
				SWIFT_EMIT_LOC_STRINGS = NO;
				SWIFT_UPCOMING_FEATURE_MEMBER_IMPORT_VISIBILITY = YES;
				SWIFT_VERSION = 5.0;
				TARGETED_DEVICE_FAMILY = "1,2";
				TEST_TARGET_NAME = RecordNote;
			};
			name = Release;
		};
/* End XCBuildConfiguration section */

/* Begin XCConfigurationList section */
		D38850A12FC5D1EC001D8A77 /* Build configuration list for PBXProject "RecordNote" */ = {
			isa = XCConfigurationList;
			buildConfigurations = (
				D38850D22FC5D1ED001D8A77 /* Debug */,
				D38850D32FC5D1ED001D8A77 /* Release */,
			);
			defaultConfigurationIsVisible = 0;
			defaultConfigurationName = Release;
		};
		D38850CF2FC5D1ED001D8A77 /* Build configuration list for PBXNativeTarget "RecordNote" */ = {
			isa = XCConfigurationList;
			buildConfigurations = (
				D38850D02FC5D1ED001D8A77 /* Debug */,
				D38850D12FC5D1ED001D8A77 /* Release */,
			);
			defaultConfigurationIsVisible = 0;
			defaultConfigurationName = Release;
		};
		D38850D42FC5D1ED001D8A77 /* Build configuration list for PBXNativeTarget "RecordNoteTests" */ = {
			isa = XCConfigurationList;
			buildConfigurations = (
				D38850D52FC5D1ED001D8A77 /* Debug */,
				D38850D62FC5D1ED001D8A77 /* Release */,
			);
			defaultConfigurationIsVisible = 0;
			defaultConfigurationName = Release;
		};
		D38850D72FC5D1ED001D8A77 /* Build configuration list for PBXNativeTarget "RecordNoteUITests" */ = {
			isa = XCConfigurationList;
			buildConfigurations = (
				D38850D82FC5D1ED001D8A77 /* Debug */,
				D38850D92FC5D1ED001D8A77 /* Release */,
			);
			defaultConfigurationIsVisible = 0;
			defaultConfigurationName = Release;
		};
/* End XCConfigurationList section */

/* Begin XCRemoteSwiftPackageReference section */
		D33218FB2FCE0311001F605A /* XCRemoteSwiftPackageReference "GoogleSignIn-iOS" */ = {
			isa = XCRemoteSwiftPackageReference;
			repositoryURL = "https://github.com/google/GoogleSignIn-iOS";
			requirement = {
				kind = upToNextMajorVersion;
				minimumVersion = 9.1.0;
			};
		};
		D38852452FC6260B001D8A77 /* XCRemoteSwiftPackageReference "IQKeyboardManager" */ = {
			isa = XCRemoteSwiftPackageReference;
			repositoryURL = "https://github.com/hackiftekhar/IQKeyboardManager.git";
			requirement = {
				kind = upToNextMajorVersion;
				minimumVersion = 8.0.3;
			};
		};
		D3BB31292FC71650000A8DFD /* XCRemoteSwiftPackageReference "Reachability.swift" */ = {
			isa = XCRemoteSwiftPackageReference;
			repositoryURL = "https://github.com/ashleymills/Reachability.swift.git";
			requirement = {
				branch = master;
				kind = branch;
			};
		};
		D3BB312C2FC71764000A8DFD /* XCRemoteSwiftPackageReference "PlainPing" */ = {
			isa = XCRemoteSwiftPackageReference;
			repositoryURL = "https://github.com/naptics/PlainPing.git";
			requirement = {
				kind = upToNextMajorVersion;
				minimumVersion = 0.5.3;
			};
		};
		D3BB312F2FC71883000A8DFD /* XCRemoteSwiftPackageReference "Alamofire" */ = {
			isa = XCRemoteSwiftPackageReference;
			repositoryURL = "https://github.com/Alamofire/Alamofire.git";
			requirement = {
				kind = upToNextMajorVersion;
				minimumVersion = 5.12.0;
			};
		};
/* End XCRemoteSwiftPackageReference section */

/* Begin XCSwiftPackageProductDependency section */
		D33218FC2FCE0311001F605A /* GoogleSignInSwift */ = {
			isa = XCSwiftPackageProductDependency;
			package = D33218FB2FCE0311001F605A /* XCRemoteSwiftPackageReference "GoogleSignIn-iOS" */;
			productName = GoogleSignInSwift;
		};
		D38852462FC6260B001D8A77 /* IQKeyboardManagerSwift */ = {
			isa = XCSwiftPackageProductDependency;
			package = D38852452FC6260B001D8A77 /* XCRemoteSwiftPackageReference "IQKeyboardManager" */;
			productName = IQKeyboardManagerSwift;
		};
		D3BB312A2FC71650000A8DFD /* Reachability */ = {
			isa = XCSwiftPackageProductDependency;
			package = D3BB31292FC71650000A8DFD /* XCRemoteSwiftPackageReference "Reachability.swift" */;
			productName = Reachability;
		};
		D3BB312D2FC71764000A8DFD /* PlainPing */ = {
			isa = XCSwiftPackageProductDependency;
			package = D3BB312C2FC71764000A8DFD /* XCRemoteSwiftPackageReference "PlainPing" */;
			productName = PlainPing;
		};
		D3BB31302FC71883000A8DFD /* Alamofire */ = {
			isa = XCSwiftPackageProductDependency;
			package = D3BB312F2FC71883000A8DFD /* XCRemoteSwiftPackageReference "Alamofire" */;
			productName = Alamofire;
		};
/* End XCSwiftPackageProductDependency section */
	};
	rootObject = D388509E2FC5D1EC001D8A77 /* Project object */;
}
